{
  "name": "task1-angular",
  "version": "1.0.0",
  "lockfileVersion": 3,
  "requires": true,
  "packages": {
    "": {
      "name": "task1-angular",
      "version": "1.0.0",
      "license": "ISC",
      "dependencies": {
        "task1-angular": "^1.0.0"
      }
    },
    "node_modules/task1-angular": {
      "version": "1.0.0",
      "resolved": "https://registry.npmjs.org/task1-angular/-/task1-angular-1.0.0.tgz",
      "integrity": "sha512-efecKatXpxNG4vz49+KedxUdSfAJEMJ4L1uOMOTuDHiDpSMGveZjX9eo2g9CIGCfjlQspdtKrlwspx0OnZnZLA==",
      "license": "ISC"
    }
  }
}
